// !$*UTF8*$!
{
	archiveVersion = 1;
	classes = {
	};
	objectVersion = 77;
	objects = {

/* Begin PBXBuildFile section */
		11D8BB382E08DA7B000D9B18 /* FirebaseAnalytics in Frameworks */ = {isa = PBXBuildFile; productRef = 11D8BB372E08DA7B000D9B18 /* FirebaseAnalytics */; };
		11D8BB3A2E08DA7B000D9B18 /* FirebaseAuth in Frameworks */ = {isa = PBXBuildFile; productRef = 11D8BB392E08DA7B000D9B18 /* FirebaseAuth */; };
		11D8BB3C2E08DA7B000D9B18 /* FirebaseFirestore in Frameworks */ = {isa = PBXBuildFile; productRef = 11D8BB3B2E08DA7B000D9B18 /* FirebaseFirestore */; };
		11D8BB3E2E08DA7B000D9B18 /* FirebaseStorage in Frameworks */ = {isa = PBXBuildFile; productRef = 11D8BB3D2E08DA7B000D9B18 /* FirebaseStorage */; };
/* End PBXBuildFile section */

/* Begin PBXContainerItemProxy section */
		114AD7A52DB73F72009DBD15 /* PBXContainerItemProxy */ = {
			isa = PBXContainerItemProxy;
			containerPortal = 114AD78D2DB73F71009DBD15 /* Project object */;
			proxyType = 1;
			remoteGlobalIDString = 114AD7942DB73F71009DBD15;
			remoteInfo = "Catch Keeper";
		};
		114AD7AF2DB73F72009DBD15 /* PBXContainerItemProxy */ = {
			isa = PBXContainerItemProxy;
			containerPortal = 114AD78D2DB73F71009DBD15 /* Project object */;
			proxyType = 1;
			remoteGlobalIDString = 114AD7942DB73F71009DBD15;
			remoteInfo = "Catch Keeper";
		};
/* End PBXContainerItemProxy section */

/* Begin PBXFileReference section */
		11326A9A2E08D57100B9A086 /* Catch Keeper.xcodeproj */ = {isa = PBXFileReference; lastKnownFileType = "wrapper.pb-project"; path = "Catch Keeper.xcodeproj"; sourceTree = SOURCE_ROOT; };
		114AD7952DB73F71009DBD15 /* Catch Keeper.app */ = {isa = PBXFileReference; explicitFileType = wrapper.application; includeInIndex = 0; path = "Catch Keeper.app"; sourceTree = BUILT_PRODUCTS_DIR; };
		114AD7A42DB73F72009DBD15 /* Catch KeeperTests.xctest */ = {isa = PBXFileReference; explicitFileType = wrapper.cfbundle; includeInIndex = 0; path = "Catch KeeperTests.xctest"; sourceTree = BUILT_PRODUCTS_DIR; };
		114AD7AE2DB73F72009DBD15 /* Catch KeeperUITests.xctest */ = {isa = PBXFileReference; explicitFileType = wrapper.cfbundle; includeInIndex = 0; path = "Catch KeeperUITests.xctest"; sourceTree = BUILT_PRODUCTS_DIR; };
/* End PBXFileReference section */

/* Begin PBXFileSystemSynchronizedRootGroup section */
		114AD7972DB73F71009DBD15 /* Catch Keeper */ = {
			isa = PBXFileSystemSynchronizedRootGroup;
			path = "Catch Keeper";
			sourceTree = "<group>";
		};
		114AD7A72DB73F72009DBD15 /* Catch KeeperTests */ = {
			isa = PBXFileSystemSynchronizedRootGroup;
			path = "Catch KeeperTests";
			sourceTree = "<group>";
		};
		114AD7B12DB73F72009DBD15 /* Catch KeeperUITests */ = {
			isa = PBXFileSystemSynchronizedRootGroup;
			path = "Catch KeeperUITests";
			sourceTree = "<group>";
		};
/* End PBXFileSystemSynchronizedRootGroup section */

/* Begin PBXFrameworksBuildPhase section */
		114AD7922DB73F71009DBD15 /* Frameworks */ = {
			isa = PBXFrameworksBuildPhase;
			buildActionMask = 2147483647;
			files = (
				11D8BB382E08DA7B000D9B18 /* FirebaseAnalytics in Frameworks */,
				11D8BB3E2E08DA7B000D9B18 /* FirebaseStorage in Frameworks */,
				11D8BB3A2E08DA7B000D9B18 /* FirebaseAuth in Frameworks */,
				11D8BB3C2E08DA7B000D9B18 /* FirebaseFirestore in Frameworks */,
			);
			runOnlyForDeploymentPostprocessing = 0;
		};
		114AD7A12DB73F72009DBD15 /* Frameworks */ = {
			isa = PBXFrameworksBuildPhase;
			buildActionMask = 2147483647;
			files = (
			);
			runOnlyForDeploymentPostprocessing = 0;
		};
		114AD7AB2DB73F72009DBD15 /* Frameworks */ = {
			isa = PBXFrameworksBuildPhase;
			buildActionMask = 2147483647;
			files = (
			);
			runOnlyForDeploymentPostprocessing = 0;
		};
/* End PBXFrameworksBuildPhase section */

/* Begin PBXGroup section */
		114AD78C2DB73F71009DBD15 = {
			isa = PBXGroup;
			children = (
				11326A9A2E08D57100B9A086 /* Catch Keeper.xcodeproj */,
				114AD7972DB73F71009DBD15 /* Catch Keeper */,
				114AD7A72DB73F72009DBD15 /* Catch KeeperTests */,
				114AD7B12DB73F72009DBD15 /* Catch KeeperUITests */,
				114AD7962DB73F71009DBD15 /* Products */,
			);
			sourceTree = "<group>";
		};
		114AD7962DB73F71009DBD15 /* Products */ = {
			isa = PBXGroup;
			children = (
				114AD7952DB73F71009DBD15 /* Catch Keeper.app */,
				114AD7A42DB73F72009DBD15 /* Catch KeeperTests.xctest */,
				114AD7AE2DB73F72009DBD15 /* Catch KeeperUITests.xctest */,
			);
			name = Products;
			sourceTree = "<group>";
		};
		11D8BB322E08D70A000D9B18 /* Products */ = {
			isa = PBXGroup;
			name = Products;
			sourceTree = "<group>";
		};
/* End PBXGroup section */

/* Begin PBXNativeTarget section */
		114AD7942DB73F71009DBD15 /* Catch Keeper */ = {
			isa = PBXNativeTarget;
			buildConfigurationList = 114AD7B82DB73F72009DBD15 /* Build configuration list for PBXNativeTarget "Catch Keeper" */;
			buildPhases = (
				114AD7912DB73F71009DBD15 /* Sources */,
				114AD7922DB73F71009DBD15 /* Frameworks */,
				114AD7932DB73F71009DBD15 /* Resources */,
			);
			buildRules = (
			);
			dependencies = (
			);
			fileSystemSynchronizedGroups = (
				114AD7972DB73F71009DBD15 /* Catch Keeper */,
			);
			name = "Catch Keeper";
			packageProductDependencies = (
				11D8BB372E08DA7B000D9B18 /* FirebaseAnalytics */,
				11D8BB392E08DA7B000D9B18 /* FirebaseAuth */,
				11D8BB3B2E08DA7B000D9B18 /* FirebaseFirestore */,
				11D8BB3D2E08DA7B000D9B18 /* FirebaseStorage */,
			);
			productName = "Catch Keeper";
			productReference = 114AD7952DB73F71009DBD15 /* Catch Keeper.app */;
			productType = "com.apple.product-type.application";
		};
		114AD7A32DB73F72009DBD15 /* Catch KeeperTests */ = {
			isa = PBXNativeTarget;
			buildConfigurationList = 114AD7BB2DB73F72009DBD15 /* Build configuration list for PBXNativeTarget "Catch KeeperTests" */;
			buildPhases = (
				114AD7A02DB73F72009DBD15 /* Sources */,
				114AD7A12DB73F72009DBD15 /* Frameworks */,
				114AD7A22DB73F72009DBD15 /* Resources */,
			);
			buildRules = (
			);
			dependencies = (
				114AD7A62DB73F72009DBD15 /* PBXTargetDependency */,
			);
			fileSystemSynchronizedGroups = (
				114AD7A72DB73F72009DBD15 /* Catch KeeperTests */,
			);
			name = "Catch KeeperTests";
			packageProductDependencies = (
			);
			productName = "Catch KeeperTests";
			productReference = 114AD7A42DB73F72009DBD15 /* Catch KeeperTests.xctest */;
			productType = "com.apple.product-type.bundle.unit-test";
		};
		114AD7AD2DB73F72009DBD15 /* Catch KeeperUITests */ = {
			isa = PBXNativeTarget;
			buildConfigurationList = 114AD7BE2DB73F72009DBD15 /* Build configuration list for PBXNativeTarget "Catch KeeperUITests" */;
			buildPhases = (
				114AD7AA2DB73F72009DBD15 /* Sources */,
				114AD7AB2DB73F72009DBD15 /* Frameworks */,
				114AD7AC2DB73F72009DBD15 /* Resources */,
			);
			buildRules = (
			);
			dependencies = (
				114AD7B02DB73F72009DBD15 /* PBXTargetDependency */,
			);
			fileSystemSynchronizedGroups = (
				114AD7B12DB73F72009DBD15 /* Catch KeeperUITests */,
			);
			name = "Catch KeeperUITests";
			packageProductDependencies = (
			);
			productName = "Catch KeeperUITests";
			productReference = 114AD7AE2DB73F72009DBD15 /* Catch KeeperUITests.xctest */;
			productType = "com.apple.product-type.bundle.ui-testing";
		};
/* End PBXNativeTarget section */

/* Begin PBXProject section */
		114AD78D2DB73F71009DBD15 /* Project object */ = {
			isa = PBXProject;
			attributes = {
				BuildIndependentTargetsInParallel = 1;
				LastSwiftUpdateCheck = 1630;
				LastUpgradeCheck = 1630;
				TargetAttributes = {
					114AD7942DB73F71009DBD15 = {
						CreatedOnToolsVersion = 16.3;
					};
					114AD7A32DB73F72009DBD15 = {
						CreatedOnToolsVersion = 16.3;
						TestTargetID = 114AD7942DB73F71009DBD15;
					};
					114AD7AD2DB73F72009DBD15 = {
						CreatedOnToolsVersion = 16.3;
						TestTargetID = 114AD7942DB73F71009DBD15;
					};
				};
			};
			buildConfigurationList = 114AD7902DB73F71009DBD15 /* Build configuration list for PBXProject "Catch Keeper" */;
			developmentRegion = en;
			hasScannedForEncodings = 0;
			knownRegions = (
				en,
				Base,
			);
			mainGroup = 114AD78C2DB73F71009DBD15;
			minimizedProjectReferenceProxies = 1;
			packageReferences = (
				11D8BB362E08DA7B000D9B18 /* XCRemoteSwiftPackageReference "firebase-ios-sdk" */,
			);
			preferredProjectObjectVersion = 77;
			productRefGroup = 114AD7962DB73F71009DBD15 /* Products */;
			projectDirPath = "";
			projectReferences = (
				{
					ProductGroup = 11D8BB322E08D70A000D9B18 /* Products */;
					ProjectRef = 11326A9A2E08D57100B9A086 /* Catch Keeper.xcodeproj */;
				},
			);
			projectRoot = "";
			targets = (
				114AD7942DB73F71009DBD15 /* Catch Keeper */,
				114AD7A32DB73F72009DBD15 /* Catch KeeperTests */,
				114AD7AD2DB73F72009DBD15 /* Catch KeeperUITests */,
			);
		};
/* End PBXProject section */

/* Begin PBXResourcesBuildPhase section */
		114AD7932DB73F71009DBD15 /* Resources */ = {
			isa = PBXResourcesBuildPhase;
			buildActionMask = 2147483647;
			files = (
			);
			runOnlyForDeploymentPostprocessing = 0;
		};
		114AD7A22DB73F72009DBD15 /* Resources */ = {
			isa = PBXResourcesBuildPhase;
			buildActionMask = 2147483647;
			files = (
			);
			runOnlyForDeploymentPostprocessing = 0;
		};
		114AD7AC2DB73F72009DBD15 /* Resources */ = {
			isa = PBXResourcesBuildPhase;
			buildActionMask = 2147483647;
			files = (
			);
			runOnlyForDeploymentPostprocessing = 0;
		};
/* End PBXResourcesBuildPhase section */

/* Begin PBXSourcesBuildPhase section */
		114AD7912DB73F71009DBD15 /* Sources */ = {
			isa = PBXSourcesBuildPhase;
			buildActionMask = 2147483647;
			files = (
			);
			runOnlyForDeploymentPostprocessing = 0;
		};
		114AD7A02DB73F72009DBD15 /* Sources */ = {
			isa = PBXSourcesBuildPhase;
			buildActionMask = 2147483647;
			files = (
			);
			runOnlyForDeploymentPostprocessing = 0;
		};
		114AD7AA2DB73F72009DBD15 /* Sources */ = {
			isa = PBXSourcesBuildPhase;
			buildActionMask = 2147483647;
			files = (
			);
			runOnlyForDeploymentPostprocessing = 0;
		};
/* End PBXSourcesBuildPhase section */

/* Begin PBXTargetDependency section */
		114AD7A62DB73F72009DBD15 /* PBXTargetDependency */ = {
			isa = PBXTargetDependency;
			target = 114AD7942DB73F71009DBD15 /* Catch Keeper */;
			targetProxy = 114AD7A52DB73F72009DBD15 /* PBXContainerItemProxy */;
		};
		114AD7B02DB73F72009DBD15 /* PBXTargetDependency */ = {
			isa = PBXTargetDependency;
			target = 114AD7942DB73F71009DBD15 /* Catch Keeper */;
			targetProxy = 114AD7AF2DB73F72009DBD15 /* PBXContainerItemProxy */;
		};
/* End PBXTargetDependency section */

/* Begin XCBuildConfiguration section */
		114AD7B62DB73F72009DBD15 /* Debug */ = {
			isa = XCBuildConfiguration;
			buildSettings = {
				ALWAYS_SEARCH_USER_PATHS = NO;
				ASSETCATALOG_COMPILER_GENERATE_SWIFT_ASSET_SYMBOL_EXTENSIONS = YES;
				CLANG_ANALYZER_NONNULL = YES;
				CLANG_ANALYZER_NUMBER_OBJECT_CONVERSION = YES_AGGRESSIVE;
				CLANG_CXX_LANGUAGE_STANDARD = "gnu++20";
				CLANG_ENABLE_MODULES = YES;
				CLANG_ENABLE_OBJC_ARC = YES;
				CLANG_ENABLE_OBJC_WEAK = YES;
				CLANG_WARN_BLOCK_CAPTURE_AUTORELEASING = YES;
				CLANG_WARN_BOOL_CONVERSION = YES;
				CLANG_WARN_COMMA = YES;
				CLANG_WARN_CONSTANT_CONVERSION = YES;
				CLANG_WARN_DEPRECATED_OBJC_IMPLEMENTATIONS = YES;
				CLANG_WARN_DIRECT_OBJC_ISA_USAGE = YES_ERROR;
				CLANG_WARN_DOCUMENTATION_COMMENTS = YES;
				CLANG_WARN_EMPTY_BODY = YES;
				CLANG_WARN_ENUM_CONVERSION = YES;
				CLANG_WARN_INFINITE_RECURSION = YES;
				CLANG_WARN_INT_CONVERSION = YES;
				CLANG_WARN_NON_LITERAL_NULL_CONVERSION = YES;
				CLANG_WARN_OBJC_IMPLICIT_RETAIN_SELF = YES;
				CLANG_WARN_OBJC_LITERAL_CONVERSION = YES;
				CLANG_WARN_OBJC_ROOT_CLASS = YES_ERROR;
				CLANG_WARN_QUOTED_INCLUDE_IN_FRAMEWORK_HEADER = YES;
				CLANG_WARN_RANGE_LOOP_ANALYSIS = YES;
				CLANG_WARN_STRICT_PROTOTYPES = YES;
				CLANG_WARN_SUSPICIOUS_MOVE = YES;
				CLANG_WARN_UNGUARDED_AVAILABILITY = YES_AGGRESSIVE;
				CLANG_WARN_UNREACHABLE_CODE = YES;
				CLANG_WARN__DUPLICATE_METHOD_MATCH = YES;
				COPY_PHASE_STRIP = NO;
				DEBUG_INFORMATION_FORMAT = dwarf;
				DEVELOPMENT_TEAM = BX84ZC3X6C;
				ENABLE_STRICT_OBJC_MSGSEND = YES;
				ENABLE_TESTABILITY = YES;
				ENABLE_USER_SCRIPT_SANDBOXING = YES;
				GCC_C_LANGUAGE_STANDARD = gnu17;
				GCC_DYNAMIC_NO_PIC = NO;
				GCC_NO_COMMON_BLOCKS = YES;
				GCC_OPTIMIZATION_LEVEL = 0;
				GCC_PREPROCESSOR_DEFINITIONS = (
					"DEBUG=1",
					"$(inherited)",
				);
				GCC_WARN_64_TO_32_BIT_CONVERSION = YES;
				GCC_WARN_ABOUT_RETURN_TYPE = YES_ERROR;
				GCC_WARN_UNDECLARED_SELECTOR = YES;
				GCC_WARN_UNINITIALIZED_AUTOS = YES_AGGRESSIVE;
				GCC_WARN_UNUSED_FUNCTION = YES;
				GCC_WARN_UNUSED_VARIABLE = YES;
				IPHONEOS_DEPLOYMENT_TARGET = 18.4;
				LOCALIZATION_PREFERS_STRING_CATALOGS = YES;
				MTL_ENABLE_DEBUG_INFO = INCLUDE_SOURCE;
				MTL_FAST_MATH = YES;
				ONLY_ACTIVE_ARCH = YES;
				SDKROOT = iphoneos;
				SWIFT_ACTIVE_COMPILATION_CONDITIONS = "DEBUG $(inherited)";
				SWIFT_OPTIMIZATION_LEVEL = "-Onone";
			};
			name = Debug;
		};
		114AD7B72DB73F72009DBD15 /* Release */ = {
			isa = XCBuildConfiguration;
			buildSettings = {
				ALWAYS_SEARCH_USER_PATHS = NO;
				ASSETCATALOG_COMPILER_GENERATE_SWIFT_ASSET_SYMBOL_EXTENSIONS = YES;
				CLANG_ANALYZER_NONNULL = YES;
				CLANG_ANALYZER_NUMBER_OBJECT_CONVERSION = YES_AGGRESSIVE;
				CLANG_CXX_LANGUAGE_STANDARD = "gnu++20";
				CLANG_ENABLE_MODULES = YES;
				CLANG_ENABLE_OBJC_ARC = YES;
				CLANG_ENABLE_OBJC_WEAK = YES;
				CLANG_WARN_BLOCK_CAPTURE_AUTORELEASING = YES;
				CLANG_WARN_BOOL_CONVERSION = YES;
				CLANG_WARN_COMMA = YES;
				CLANG_WARN_CONSTANT_CONVERSION = YES;
				CLANG_WARN_DEPRECATED_OBJC_IMPLEMENTATIONS = YES;
				CLANG_WARN_DIRECT_OBJC_ISA_USAGE = YES_ERROR;
				CLANG_WARN_DOCUMENTATION_COMMENTS = YES;
				CLANG_WARN_EMPTY_BODY = YES;
				CLANG_WARN_ENUM_CONVERSION = YES;
				CLANG_WARN_INFINITE_RECURSION = YES;
				CLANG_WARN_INT_CONVERSION = YES;
				CLANG_WARN_NON_LITERAL_NULL_CONVERSION = YES;
				CLANG_WARN_OBJC_IMPLICIT_RETAIN_SELF = YES;
				CLANG_WARN_OBJC_LITERAL_CONVERSION = YES;
				CLANG_WARN_OBJC_ROOT_CLASS = YES_ERROR;
				CLANG_WARN_QUOTED_INCLUDE_IN_FRAMEWORK_HEADER = YES;
				CLANG_WARN_RANGE_LOOP_ANALYSIS = YES;
				CLANG_WARN_STRICT_PROTOTYPES = YES;
				CLANG_WARN_SUSPICIOUS_MOVE = YES;
				CLANG_WARN_UNGUARDED_AVAILABILITY = YES_AGGRESSIVE;
				CLANG_WARN_UNREACHABLE_CODE = YES;
				CLANG_WARN__DUPLICATE_METHOD_MATCH = YES;
				COPY_PHASE_STRIP = NO;
				DEBUG_INFORMATION_FORMAT = "dwarf-with-dsym";
				DEVELOPMENT_TEAM = BX84ZC3X6C;
				ENABLE_NS_ASSERTIONS = NO;
				ENABLE_STRICT_OBJC_MSGSEND = YES;
				ENABLE_USER_SCRIPT_SANDBOXING = YES;
				GCC_C_LANGUAGE_STANDARD = gnu17;
				GCC_NO_COMMON_BLOCKS = YES;
				GCC_WARN_64_TO_32_BIT_CONVERSION = YES;
				GCC_WARN_ABOUT_RETURN_TYPE = YES_ERROR;
				GCC_WARN_UNDECLARED_SELECTOR = YES;
				GCC_WARN_UNINITIALIZED_AUTOS = YES_AGGRESSIVE;
				GCC_WARN_UNUSED_FUNCTION = YES;
				GCC_WARN_UNUSED_VARIABLE = YES;
				IPHONEOS_DEPLOYMENT_TARGET = 18.4;
				LOCALIZATION_PREFERS_STRING_CATALOGS = YES;
				MTL_ENABLE_DEBUG_INFO = NO;
				MTL_FAST_MATH = YES;
				SDKROOT = iphoneos;
				SWIFT_COMPILATION_MODE = wholemodule;
				VALIDATE_PRODUCT = YES;
			};
			name = Release;
		};
		114AD7B92DB73F72009DBD15 /* Debug */ = {
			isa = XCBuildConfiguration;
			buildSettings = {
				ASSETCATALOG_COMPILER_APPICON_NAME = AppIcon;
				ASSETCATALOG_COMPILER_GLOBAL_ACCENT_COLOR_NAME = AccentColor;
				CODE_SIGN_STYLE = Automatic;
				CURRENT_PROJECT_VERSION = 1;
				DEVELOPMENT_TEAM = BX84ZC3X6C;
				ENABLE_PREVIEWS = YES;
				GENERATE_INFOPLIST_FILE = YES;
				INFOPLIST_KEY_UIApplicationSceneManifest_Generation = YES;
				INFOPLIST_KEY_UIApplicationSupportsIndirectInputEvents = YES;
				INFOPLIST_KEY_UILaunchScreen_Generation = YES;
				INFOPLIST_KEY_UISupportedInterfaceOrientations_iPad = "UIInterfaceOrientationPortrait UIInterfaceOrientationPortraitUpsideDown UIInterfaceOrientationLandscapeLeft UIInterfaceOrientationLandscapeRight";
				INFOPLIST_KEY_UISupportedInterfaceOrientations_iPhone = "UIInterfaceOrientationPortrait UIInterfaceOrientationLandscapeLeft UIInterfaceOrientationLandscapeRight";
				LD_RUNPATH_SEARCH_PATHS = (
					"$(inherited)",
					"@executable_path/Frameworks",
				);
				MARKETING_VERSION = 1.0;
				PRODUCT_BUNDLE_IDENTIFIER = "com.Harrison.Catch-Keeper";
				PRODUCT_NAME = "$(TARGET_NAME)";
				SWIFT_EMIT_LOC_STRINGS = YES;
				SWIFT_VERSION = 5.0;
				TARGETED_DEVICE_FAMILY = "1,2";
			};
			name = Debug;
		};
		114AD7BA2DB73F72009DBD15 /* Release */ = {
			isa = XCBuildConfiguration;
			buildSettings = {
				ASSETCATALOG_COMPILER_APPICON_NAME = AppIcon;
				ASSETCATALOG_COMPILER_GLOBAL_ACCENT_COLOR_NAME = AccentColor;
				CODE_SIGN_STYLE = Automatic;
				CURRENT_PROJECT_VERSION = 1;
				DEVELOPMENT_TEAM = BX84ZC3X6C;
				ENABLE_PREVIEWS = YES;
				GENERATE_INFOPLIST_FILE = YES;
				INFOPLIST_KEY_UIApplicationSceneManifest_Generation = YES;
				INFOPLIST_KEY_UIApplicationSupportsIndirectInputEvents = YES;
				INFOPLIST_KEY_UILaunchScreen_Generation = YES;
				INFOPLIST_KEY_UISupportedInterfaceOrientations_iPad = "UIInterfaceOrientationPortrait UIInterfaceOrientationPortraitUpsideDown UIInterfaceOrientationLandscapeLeft UIInterfaceOrientationLandscapeRight";
				INFOPLIST_KEY_UISupportedInterfaceOrientations_iPhone = "UIInterfaceOrientationPortrait UIInterfaceOrientationLandscapeLeft UIInterfaceOrientationLandscapeRight";
				LD_RUNPATH_SEARCH_PATHS = (
					"$(inherited)",
					"@executable_path/Frameworks",
				);
				MARKETING_VERSION = 1.0;
				PRODUCT_BUNDLE_IDENTIFIER = "com.Harrison.Catch-Keeper";
				PRODUCT_NAME = "$(TARGET_NAME)";
				SWIFT_EMIT_LOC_STRINGS = YES;
				SWIFT_VERSION = 5.0;
				TARGETED_DEVICE_FAMILY = "1,2";
			};
			name = Release;
		};
		114AD7BC2DB73F72009DBD15 /* Debug */ = {
			isa = XCBuildConfiguration;
			buildSettings = {
				BUNDLE_LOADER = "$(TEST_HOST)";
				CODE_SIGN_STYLE = Automatic;
				CURRENT_PROJECT_VERSION = 1;
				DEVELOPMENT_TEAM = BX84ZC3X6C;
				GENERATE_INFOPLIST_FILE = YES;
				IPHONEOS_DEPLOYMENT_TARGET = 18.4;
				MARKETING_VERSION = 1.0;
				PRODUCT_BUNDLE_IDENTIFIER = "com.Harrison.Catch-KeeperTests";
				PRODUCT_NAME = "$(TARGET_NAME)";
				SWIFT_EMIT_LOC_STRINGS = NO;
				SWIFT_VERSION = 5.0;
				TARGETED_DEVICE_FAMILY = "1,2";
				TEST_HOST = "$(BUILT_PRODUCTS_DIR)/Catch Keeper.app/$(BUNDLE_EXECUTABLE_FOLDER_PATH)/Catch Keeper";
			};
			name = Debug;
		};
		114AD7BD2DB73F72009DBD15 /* Release */ = {
			isa = XCBuildConfiguration;
			buildSettings = {
				BUNDLE_LOADER = "$(TEST_HOST)";
				CODE_SIGN_STYLE = Automatic;
				CURRENT_PROJECT_VERSION = 1;
				DEVELOPMENT_TEAM = BX84ZC3X6C;
				GENERATE_INFOPLIST_FILE = YES;
				IPHONEOS_DEPLOYMENT_TARGET = 18.4;
				MARKETING_VERSION = 1.0;
				PRODUCT_BUNDLE_IDENTIFIER = "com.Harrison.Catch-KeeperTests";
				PRODUCT_NAME = "$(TARGET_NAME)";
				SWIFT_EMIT_LOC_STRINGS = NO;
				SWIFT_VERSION = 5.0;
				TARGETED_DEVICE_FAMILY = "1,2";
				TEST_HOST = "$(BUILT_PRODUCTS_DIR)/Catch Keeper.app/$(BUNDLE_EXECUTABLE_FOLDER_PATH)/Catch Keeper";
			};
			name = Release;
		};
		114AD7BF2DB73F72009DBD15 /* Debug */ = {
			isa = XCBuildConfiguration;
			buildSettings = {
				CODE_SIGN_STYLE = Automatic;
				CURRENT_PROJECT_VERSION = 1;
				DEVELOPMENT_TEAM = BX84ZC3X6C;
				GENERATE_INFOPLIST_FILE = YES;
				MARKETING_VERSION = 1.0;
				PRODUCT_BUNDLE_IDENTIFIER = "com.Harrison.Catch-KeeperUITests";
				PRODUCT_NAME = "$(TARGET_NAME)";
				SWIFT_EMIT_LOC_STRINGS = NO;
				SWIFT_VERSION = 5.0;
				TARGETED_DEVICE_FAMILY = "1,2";
				TEST_TARGET_NAME = "Catch Keeper";
			};
			name = Debug;
		};
		114AD7C02DB73F72009DBD15 /* Release */ = {
			isa = XCBuildConfiguration;
			buildSettings = {
				CODE_SIGN_STYLE = Automatic;
				CURRENT_PROJECT_VERSION = 1;
				DEVELOPMENT_TEAM = BX84ZC3X6C;
				GENERATE_INFOPLIST_FILE = YES;
				MARKETING_VERSION = 1.0;
				PRODUCT_BUNDLE_IDENTIFIER = "com.Harrison.Catch-KeeperUITests";
				PRODUCT_NAME = "$(TARGET_NAME)";
				SWIFT_EMIT_LOC_STRINGS = NO;
				SWIFT_VERSION = 5.0;
				TARGETED_DEVICE_FAMILY = "1,2";
				TEST_TARGET_NAME = "Catch Keeper";
			};
			name = Release;
		};
/* End XCBuildConfiguration section */

/* Begin XCConfigurationList section */
		114AD7902DB73F71009DBD15 /* Build configuration list for PBXProject "Catch Keeper" */ = {
			isa = XCConfigurationList;
			buildConfigurations = (
				114AD7B62DB73F72009DBD15 /* Debug */,
				114AD7B72DB73F72009DBD15 /* Release */,
			);
			defaultConfigurationIsVisible = 0;
			defaultConfigurationName = Release;
		};
		114AD7B82DB73F72009DBD15 /* Build configuration list for PBXNativeTarget "Catch Keeper" */ = {
			isa = XCConfigurationList;
			buildConfigurations = (
				114AD7B92DB73F72009DBD15 /* Debug */,
				114AD7BA2DB73F72009DBD15 /* Release */,
			);
			defaultConfigurationIsVisible = 0;
			defaultConfigurationName = Release;
		};
		114AD7BB2DB73F72009DBD15 /* Build configuration list for PBXNativeTarget "Catch KeeperTests" */ = {
			isa = XCConfigurationList;
			buildConfigurations = (
				114AD7BC2DB73F72009DBD15 /* Debug */,
				114AD7BD2DB73F72009DBD15 /* Release */,
			);
			defaultConfigurationIsVisible = 0;
			defaultConfigurationName = Release;
		};
		114AD7BE2DB73F72009DBD15 /* Build configuration list for PBXNativeTarget "Catch KeeperUITests" */ = {
			isa = XCConfigurationList;
			buildConfigurations = (
				114AD7BF2DB73F72009DBD15 /* Debug */,
				114AD7C02DB73F72009DBD15 /* Release */,
			);
			defaultConfigurationIsVisible = 0;
			defaultConfigurationName = Release;
		};
/* End XCConfigurationList section */

/* Begin XCRemoteSwiftPackageReference section */
		11D8BB362E08DA7B000D9B18 /* XCRemoteSwiftPackageReference "firebase-ios-sdk" */ = {
			isa = XCRemoteSwiftPackageReference;
			repositoryURL = "https://github.com/firebase/firebase-ios-sdk.git";
			requirement = {
				kind = upToNextMajorVersion;
				minimumVersion = 11.14.0;
			};
		};
/* End XCRemoteSwiftPackageReference section */

/* Begin XCSwiftPackageProductDependency section */
		11D8BB372E08DA7B000D9B18 /* FirebaseAnalytics */ = {
			isa = XCSwiftPackageProductDependency;
			package = 11D8BB362E08DA7B000D9B18 /* XCRemoteSwiftPackageReference "firebase-ios-sdk" */;
			productName = FirebaseAnalytics;
		};
		11D8BB392E08DA7B000D9B18 /* FirebaseAuth */ = {
			isa = XCSwiftPackageProductDependency;
			package = 11D8BB362E08DA7B000D9B18 /* XCRemoteSwiftPackageReference "firebase-ios-sdk" */;
			productName = FirebaseAuth;
		};
		11D8BB3B2E08DA7B000D9B18 /* FirebaseFirestore */ = {
			isa = XCSwiftPackageProductDependency;
			package = 11D8BB362E08DA7B000D9B18 /* XCRemoteSwiftPackageReference "firebase-ios-sdk" */;
			productName = FirebaseFirestore;
		};
		11D8BB3D2E08DA7B000D9B18 /* FirebaseStorage */ = {
			isa = XCSwiftPackageProductDependency;
			package = 11D8BB362E08DA7B000D9B18 /* XCRemoteSwiftPackageReference "firebase-ios-sdk" */;
			productName = FirebaseStorage;
		};
/* End XCSwiftPackageProductDependency section */
	};
	rootObject = 114AD78D2DB73F71009DBD15 /* Project object */;
}
