// !$*UTF8*$!
{
	archiveVersion = 1;
	classes = {
	};
	objectVersion = 56;
	objects = {

/* Begin PBXBuildFile section */
		11663DFF2C6E7E9F0015EB65 /* FishingLogAppApp.swift in Sources */ = {isa = PBXBuildFile; fileRef = 11663DFE2C6E7E9F0015EB65 /* FishingLogAppApp.swift */; };
		11663E012C6E7E9F0015EB65 /* ContentView.swift in Sources */ = {isa = PBXBuildFile; fileRef = 11663E002C6E7E9F0015EB65 /* ContentView.swift */; };
		11663E032C6E7E9F0015EB65 /* Item.swift in Sources */ = {isa = PBXBuildFile; fileRef = 11663E022C6E7E9F0015EB65 /* Item.swift */; };
		11663E052C6E7EA00015EB65 /* Assets.xcassets in Resources */ = {isa = PBXBuildFile; fileRef = 11663E042C6E7EA00015EB65 /* Assets.xcassets */; };
		11663E082C6E7EA00015EB65 /* Preview Assets.xcassets in Resources */ = {isa = PBXBuildFile; fileRef = 11663E072C6E7EA00015EB65 /* Preview Assets.xcassets */; };
		11663E0F2C6E836E0015EB65 /* LogCatchView.swift in Sources */ = {isa = PBXBuildFile; fileRef = 11663E0E2C6E836E0015EB65 /* LogCatchView.swift */; };
		11663E112C6E83E90015EB65 /* ImagePicker.swift in Sources */ = {isa = PBXBuildFile; fileRef = 11663E102C6E83E90015EB65 /* ImagePicker.swift */; };
		11663E132C6E8A360015EB65 /* LogBookView.swift in Sources */ = {isa = PBXBuildFile; fileRef = 11663E122C6E8A360015EB65 /* LogBookView.swift */; };
		11663E152C6E8AD60015EB65 /* SearchBar.swift in Sources */ = {isa = PBXBuildFile; fileRef = 11663E142C6E8AD60015EB65 /* SearchBar.swift */; };
/* End PBXBuildFile section */

/* Begin PBXFileReference section */
		11663DFB2C6E7E9F0015EB65 /* FishingLogApp.app */ = {isa = PBXFileReference; explicitFileType = wrapper.application; includeInIndex = 0; path = FishingLogApp.app; sourceTree = BUILT_PRODUCTS_DIR; };
		11663DFE2C6E7E9F0015EB65 /* FishingLogAppApp.swift */ = {isa = PBXFileReference; lastKnownFileType = sourcecode.swift; path = FishingLogAppApp.swift; sourceTree = "<group>"; };
		11663E002C6E7E9F0015EB65 /* ContentView.swift */ = {isa = PBXFileReference; lastKnownFileType = sourcecode.swift; path = ContentView.swift; sourceTree = "<group>"; };
		11663E022C6E7E9F0015EB65 /* Item.swift */ = {isa = PBXFileReference; lastKnownFileType = sourcecode.swift; path = Item.swift; sourceTree = "<group>"; };
		11663E042C6E7EA00015EB65 /* Assets.xcassets */ = {isa = PBXFileReference; lastKnownFileType = folder.assetcatalog; path = Assets.xcassets; sourceTree = "<group>"; };
		11663E072C6E7EA00015EB65 /* Preview Assets.xcassets */ = {isa = PBXFileReference; lastKnownFileType = folder.assetcatalog; path = "Preview Assets.xcassets"; sourceTree = "<group>"; };
		11663E0E2C6E836E0015EB65 /* LogCatchView.swift */ = {isa = PBXFileReference; lastKnownFileType = sourcecode.swift; path = LogCatchView.swift; sourceTree = "<group>"; };
		11663E102C6E83E90015EB65 /* ImagePicker.swift */ = {isa = PBXFileReference; lastKnownFileType = sourcecode.swift; path = ImagePicker.swift; sourceTree = "<group>"; };
		11663E122C6E8A360015EB65 /* LogBookView.swift */ = {isa = PBXFileReference; lastKnownFileType = sourcecode.swift; path = LogBookView.swift; sourceTree = "<group>"; };
		11663E142C6E8AD60015EB65 /* SearchBar.swift */ = {isa = PBXFileReference; lastKnownFileType = sourcecode.swift; path = SearchBar.swift; sourceTree = "<group>"; };
/* End PBXFileReference section */

/* Begin PBXFrameworksBuildPhase section */
		11663DF82C6E7E9F0015EB65 /* Frameworks */ = {
			isa = PBXFrameworksBuildPhase;
			buildActionMask = 2147483647;
			files = (
			);
			runOnlyForDeploymentPostprocessing = 0;
		};
/* End PBXFrameworksBuildPhase section */

/* Begin PBXGroup section */
		11663DF22C6E7E9F0015EB65 = {
			isa = PBXGroup;
			children = (
				11663DFD2C6E7E9F0015EB65 /* FishingLogApp */,
				11663DFC2C6E7E9F0015EB65 /* Products */,
			);
			sourceTree = "<group>";
		};
		11663DFC2C6E7E9F0015EB65 /* Products */ = {
			isa = PBXGroup;
			children = (
				11663DFB2C6E7E9F0015EB65 /* FishingLogApp.app */,
			);
			name = Products;
			sourceTree = "<group>";
		};
		11663DFD2C6E7E9F0015EB65 /* FishingLogApp */ = {
			isa = PBXGroup;
			children = (
				11663DFE2C6E7E9F0015EB65 /* FishingLogAppApp.swift */,
				11663E002C6E7E9F0015EB65 /* ContentView.swift */,
				11663E0E2C6E836E0015EB65 /* LogCatchView.swift */,
				11663E122C6E8A360015EB65 /* LogBookView.swift */,
				11663E022C6E7E9F0015EB65 /* Item.swift */,
				11663E042C6E7EA00015EB65 /* Assets.xcassets */,
				11663E062C6E7EA00015EB65 /* Preview Content */,
				11663E102C6E83E90015EB65 /* ImagePicker.swift */,
				11663E142C6E8AD60015EB65 /* SearchBar.swift */,
			);
			path = FishingLogApp;
			sourceTree = "<group>";
		};
		11663E062C6E7EA00015EB65 /* Preview Content */ = {
			isa = PBXGroup;
			children = (
				11663E072C6E7EA00015EB65 /* Preview Assets.xcassets */,
			);
			path = "Preview Content";
			sourceTree = "<group>";
		};
/* End PBXGroup section */

/* Begin PBXNativeTarget section */
		11663DFA2C6E7E9F0015EB65 /* FishingLogApp */ = {
			isa = PBXNativeTarget;
			buildConfigurationList = 11663E0B2C6E7EA00015EB65 /* Build configuration list for PBXNativeTarget "FishingLogApp" */;
			buildPhases = (
				11663DF72C6E7E9F0015EB65 /* Sources */,
				11663DF82C6E7E9F0015EB65 /* Frameworks */,
				11663DF92C6E7E9F0015EB65 /* Resources */,
			);
			buildRules = (
			);
			dependencies = (
			);
			name = FishingLogApp;
			productName = FishingLogApp;
			productReference = 11663DFB2C6E7E9F0015EB65 /* FishingLogApp.app */;
			productType = "com.apple.product-type.application";
		};
/* End PBXNativeTarget section */

/* Begin PBXProject section */
		11663DF32C6E7E9F0015EB65 /* Project object */ = {
			isa = PBXProject;
			attributes = {
				BuildIndependentTargetsInParallel = 1;
				LastSwiftUpdateCheck = 1540;
				LastUpgradeCheck = 1540;
				TargetAttributes = {
					11663DFA2C6E7E9F0015EB65 = {
						CreatedOnToolsVersion = 15.4;
					};
				};
			};
			buildConfigurationList = 11663DF62C6E7E9F0015EB65 /* Build configuration list for PBXProject "FishingLogApp" */;
			compatibilityVersion = "Xcode 14.0";
			developmentRegion = en;
			hasScannedForEncodings = 0;
			knownRegions = (
				en,
				Base,
			);
			mainGroup = 11663DF22C6E7E9F0015EB65;
			productRefGroup = 11663DFC2C6E7E9F0015EB65 /* Products */;
			projectDirPath = "";
			projectRoot = "";
			targets = (
				11663DFA2C6E7E9F0015EB65 /* FishingLogApp */,
			);
		};
/* End PBXProject section */

/* Begin PBXResourcesBuildPhase section */
		11663DF92C6E7E9F0015EB65 /* Resources */ = {
			isa = PBXResourcesBuildPhase;
			buildActionMask = 2147483647;
			files = (
				11663E082C6E7EA00015EB65 /* Preview Assets.xcassets in Resources */,
				11663E052C6E7EA00015EB65 /* Assets.xcassets in Resources */,
			);
			runOnlyForDeploymentPostprocessing = 0;
		};
/* End PBXResourcesBuildPhase section */

/* Begin PBXSourcesBuildPhase section */
		11663DF72C6E7E9F0015EB65 /* Sources */ = {
			isa = PBXSourcesBuildPhase;
			buildActionMask = 2147483647;
			files = (
				11663E152C6E8AD60015EB65 /* SearchBar.swift in Sources */,
				11663E132C6E8A360015EB65 /* LogBookView.swift in Sources */,
				11663E012C6E7E9F0015EB65 /* ContentView.swift in Sources */,
				11663E0F2C6E836E0015EB65 /* LogCatchView.swift in Sources */,
				11663E112C6E83E90015EB65 /* ImagePicker.swift in Sources */,
				11663E032C6E7E9F0015EB65 /* Item.swift in Sources */,
				11663DFF2C6E7E9F0015EB65 /* FishingLogAppApp.swift in Sources */,
			);
			runOnlyForDeploymentPostprocessing = 0;
		};
/* End PBXSourcesBuildPhase section */

/* Begin XCBuildConfiguration section */
		11663E092C6E7EA00015EB65 /* Debug */ = {
			isa = XCBuildConfiguration;
			buildSettings = {
				ALWAYS_SEARCH_USER_PATHS = NO;
				ASSETCATALOG_COMPILER_GENERATE_SWIFT_ASSET_SYMBOL_EXTENSIONS = YES;
				CLANG_ANALYZER_NONNULL = YES;
				CLANG_ANALYZER_NUMBER_OBJECT_CONVERSION = YES_AGGRESSIVE;
				CLANG_CXX_LANGUAGE_STANDARD = "gnu++20";
				CLANG_ENABLE_MODULES = YES;
				CLANG_ENABLE_OBJC_ARC = YES;
				CLANG_ENABLE_OBJC_WEAK = YES;
				CLANG_WARN_BLOCK_CAPTURE_AUTORELEASING = YES;
				CLANG_WARN_BOOL_CONVERSION = YES;
				CLANG_WARN_COMMA = YES;
				CLANG_WARN_CONSTANT_CONVERSION = YES;
				CLANG_WARN_DEPRECATED_OBJC_IMPLEMENTATIONS = YES;
				CLANG_WARN_DIRECT_OBJC_ISA_USAGE = YES_ERROR;
				CLANG_WARN_DOCUMENTATION_COMMENTS = YES;
				CLANG_WARN_EMPTY_BODY = YES;
				CLANG_WARN_ENUM_CONVERSION = YES;
				CLANG_WARN_INFINITE_RECURSION = YES;
				CLANG_WARN_INT_CONVERSION = YES;
				CLANG_WARN_NON_LITERAL_NULL_CONVERSION = YES;
				CLANG_WARN_OBJC_IMPLICIT_RETAIN_SELF = YES;
				CLANG_WARN_OBJC_LITERAL_CONVERSION = YES;
				CLANG_WARN_OBJC_ROOT_CLASS = YES_ERROR;
				CLANG_WARN_QUOTED_INCLUDE_IN_FRAMEWORK_HEADER = YES;
				CLANG_WARN_RANGE_LOOP_ANALYSIS = YES;
				CLANG_WARN_STRICT_PROTOTYPES = YES;
				CLANG_WARN_SUSPICIOUS_MOVE = YES;
				CLANG_WARN_UNGUARDED_AVAILABILITY = YES_AGGRESSIVE;
				CLANG_WARN_UNREACHABLE_CODE = YES;
				CLANG_WARN__DUPLICATE_METHOD_MATCH = YES;
				COPY_PHASE_STRIP = NO;
				DEBUG_INFORMATION_FORMAT = dwarf;
				ENABLE_STRICT_OBJC_MSGSEND = YES;
				ENABLE_TESTABILITY = YES;
				ENABLE_USER_SCRIPT_SANDBOXING = YES;
				GCC_C_LANGUAGE_STANDARD = gnu17;
				GCC_DYNAMIC_NO_PIC = NO;
				GCC_NO_COMMON_BLOCKS = YES;
				GCC_OPTIMIZATION_LEVEL = 0;
				GCC_PREPROCESSOR_DEFINITIONS = (
					"DEBUG=1",
					"$(inherited)",
				);
				GCC_WARN_64_TO_32_BIT_CONVERSION = YES;
				GCC_WARN_ABOUT_RETURN_TYPE = YES_ERROR;
				GCC_WARN_UNDECLARED_SELECTOR = YES;
				GCC_WARN_UNINITIALIZED_AUTOS = YES_AGGRESSIVE;
				GCC_WARN_UNUSED_FUNCTION = YES;
				GCC_WARN_UNUSED_VARIABLE = YES;
				IPHONEOS_DEPLOYMENT_TARGET = 17.5;
				LOCALIZATION_PREFERS_STRING_CATALOGS = YES;
				MTL_ENABLE_DEBUG_INFO = INCLUDE_SOURCE;
				MTL_FAST_MATH = YES;
				ONLY_ACTIVE_ARCH = YES;
				SDKROOT = iphoneos;
				SWIFT_ACTIVE_COMPILATION_CONDITIONS = "DEBUG $(inherited)";
				SWIFT_OPTIMIZATION_LEVEL = "-Onone";
			};
			name = Debug;
		};
		11663E0A2C6E7EA00015EB65 /* Release */ = {
			isa = XCBuildConfiguration;
			buildSettings = {
				ALWAYS_SEARCH_USER_PATHS = NO;
				ASSETCATALOG_COMPILER_GENERATE_SWIFT_ASSET_SYMBOL_EXTENSIONS = YES;
				CLANG_ANALYZER_NONNULL = YES;
				CLANG_ANALYZER_NUMBER_OBJECT_CONVERSION = YES_AGGRESSIVE;
				CLANG_CXX_LANGUAGE_STANDARD = "gnu++20";
				CLANG_ENABLE_MODULES = YES;
				CLANG_ENABLE_OBJC_ARC = YES;
				CLANG_ENABLE_OBJC_WEAK = YES;
				CLANG_WARN_BLOCK_CAPTURE_AUTORELEASING = YES;
				CLANG_WARN_BOOL_CONVERSION = YES;
				CLANG_WARN_COMMA = YES;
				CLANG_WARN_CONSTANT_CONVERSION = YES;
				CLANG_WARN_DEPRECATED_OBJC_IMPLEMENTATIONS = YES;
				CLANG_WARN_DIRECT_OBJC_ISA_USAGE = YES_ERROR;
				CLANG_WARN_DOCUMENTATION_COMMENTS = YES;
				CLANG_WARN_EMPTY_BODY = YES;
				CLANG_WARN_ENUM_CONVERSION = YES;
				CLANG_WARN_INFINITE_RECURSION = YES;
				CLANG_WARN_INT_CONVERSION = YES;
				CLANG_WARN_NON_LITERAL_NULL_CONVERSION = YES;
				CLANG_WARN_OBJC_IMPLICIT_RETAIN_SELF = YES;
				CLANG_WARN_OBJC_LITERAL_CONVERSION = YES;
				CLANG_WARN_OBJC_ROOT_CLASS = YES_ERROR;
				CLANG_WARN_QUOTED_INCLUDE_IN_FRAMEWORK_HEADER = YES;
				CLANG_WARN_RANGE_LOOP_ANALYSIS = YES;
				CLANG_WARN_STRICT_PROTOTYPES = YES;
				CLANG_WARN_SUSPICIOUS_MOVE = YES;
				CLANG_WARN_UNGUARDED_AVAILABILITY = YES_AGGRESSIVE;
				CLANG_WARN_UNREACHABLE_CODE = YES;
				CLANG_WARN__DUPLICATE_METHOD_MATCH = YES;
				COPY_PHASE_STRIP = NO;
				DEBUG_INFORMATION_FORMAT = "dwarf-with-dsym";
				ENABLE_NS_ASSERTIONS = NO;
				ENABLE_STRICT_OBJC_MSGSEND = YES;
				ENABLE_USER_SCRIPT_SANDBOXING = YES;
				GCC_C_LANGUAGE_STANDARD = gnu17;
				GCC_NO_COMMON_BLOCKS = YES;
				GCC_WARN_64_TO_32_BIT_CONVERSION = YES;
				GCC_WARN_ABOUT_RETURN_TYPE = YES_ERROR;
				GCC_WARN_UNDECLARED_SELECTOR = YES;
				GCC_WARN_UNINITIALIZED_AUTOS = YES_AGGRESSIVE;
				GCC_WARN_UNUSED_FUNCTION = YES;
				GCC_WARN_UNUSED_VARIABLE = YES;
				IPHONEOS_DEPLOYMENT_TARGET = 17.5;
				LOCALIZATION_PREFERS_STRING_CATALOGS = YES;
				MTL_ENABLE_DEBUG_INFO = NO;
				MTL_FAST_MATH = YES;
				SDKROOT = iphoneos;
				SWIFT_COMPILATION_MODE = wholemodule;
				VALIDATE_PRODUCT = YES;
			};
			name = Release;
		};
		11663E0C2C6E7EA00015EB65 /* Debug */ = {
			isa = XCBuildConfiguration;
			buildSettings = {
				ASSETCATALOG_COMPILER_APPICON_NAME = AppIcon;
				ASSETCATALOG_COMPILER_GLOBAL_ACCENT_COLOR_NAME = AccentColor;
				CODE_SIGN_STYLE = Automatic;
				CURRENT_PROJECT_VERSION = 1;
				DEVELOPMENT_ASSET_PATHS = "\"FishingLogApp/Preview Content\"";
				DEVELOPMENT_TEAM = BX84ZC3X6C;
				ENABLE_PREVIEWS = YES;
				GENERATE_INFOPLIST_FILE = YES;
				INFOPLIST_KEY_CFBundleDisplayName = "Catch Keeper";
				INFOPLIST_KEY_LSApplicationCategoryType = "public.app-category.productivity";
				INFOPLIST_KEY_UIApplicationSceneManifest_Generation = YES;
				INFOPLIST_KEY_UIApplicationSupportsIndirectInputEvents = YES;
				INFOPLIST_KEY_UILaunchScreen_Generation = YES;
				INFOPLIST_KEY_UIStatusBarStyle = "";
				INFOPLIST_KEY_UISupportedInterfaceOrientations_iPad = "UIInterfaceOrientationPortrait UIInterfaceOrientationPortraitUpsideDown UIInterfaceOrientationLandscapeLeft UIInterfaceOrientationLandscapeRight";
				INFOPLIST_KEY_UISupportedInterfaceOrientations_iPhone = "UIInterfaceOrientationPortrait UIInterfaceOrientationLandscapeLeft UIInterfaceOrientationLandscapeRight";
				LD_RUNPATH_SEARCH_PATHS = (
					"$(inherited)",
					"@executable_path/Frameworks",
				);
				MARKETING_VERSION = 1.0;
				PRODUCT_BUNDLE_IDENTIFIER = com.Harrison.FishingLogApp;
				PRODUCT_NAME = "$(TARGET_NAME)";
				SWIFT_EMIT_LOC_STRINGS = YES;
				SWIFT_VERSION = 5.0;
				TARGETED_DEVICE_FAMILY = "1,2";
			};
			name = Debug;
		};
		11663E0D2C6E7EA00015EB65 /* Release */ = {
			isa = XCBuildConfiguration;
			buildSettings = {
				ASSETCATALOG_COMPILER_APPICON_NAME = AppIcon;
				ASSETCATALOG_COMPILER_GLOBAL_ACCENT_COLOR_NAME = AccentColor;
				CODE_SIGN_STYLE = Automatic;
				CURRENT_PROJECT_VERSION = 1;
				DEVELOPMENT_ASSET_PATHS = "\"FishingLogApp/Preview Content\"";
				DEVELOPMENT_TEAM = BX84ZC3X6C;
				ENABLE_PREVIEWS = YES;
				GENERATE_INFOPLIST_FILE = YES;
				INFOPLIST_KEY_CFBundleDisplayName = "Catch Keeper";
				INFOPLIST_KEY_LSApplicationCategoryType = "public.app-category.productivity";
				INFOPLIST_KEY_UIApplicationSceneManifest_Generation = YES;
				INFOPLIST_KEY_UIApplicationSupportsIndirectInputEvents = YES;
				INFOPLIST_KEY_UILaunchScreen_Generation = YES;
				INFOPLIST_KEY_UIStatusBarStyle = "";
				INFOPLIST_KEY_UISupportedInterfaceOrientations_iPad = "UIInterfaceOrientationPortrait UIInterfaceOrientationPortraitUpsideDown UIInterfaceOrientationLandscapeLeft UIInterfaceOrientationLandscapeRight";
				INFOPLIST_KEY_UISupportedInterfaceOrientations_iPhone = "UIInterfaceOrientationPortrait UIInterfaceOrientationLandscapeLeft UIInterfaceOrientationLandscapeRight";
				LD_RUNPATH_SEARCH_PATHS = (
					"$(inherited)",
					"@executable_path/Frameworks",
				);
				MARKETING_VERSION = 1.0;
				PRODUCT_BUNDLE_IDENTIFIER = com.Harrison.FishingLogApp;
				PRODUCT_NAME = "$(TARGET_NAME)";
				SWIFT_EMIT_LOC_STRINGS = YES;
				SWIFT_VERSION = 5.0;
				TARGETED_DEVICE_FAMILY = "1,2";
			};
			name = Release;
		};
/* End XCBuildConfiguration section */

/* Begin XCConfigurationList section */
		11663DF62C6E7E9F0015EB65 /* Build configuration list for PBXProject "FishingLogApp" */ = {
			isa = XCConfigurationList;
			buildConfigurations = (
				11663E092C6E7EA00015EB65 /* Debug */,
				11663E0A2C6E7EA00015EB65 /* Release */,
			);
			defaultConfigurationIsVisible = 0;
			defaultConfigurationName = Release;
		};
		11663E0B2C6E7EA00015EB65 /* Build configuration list for PBXNativeTarget "FishingLogApp" */ = {
			isa = XCConfigurationList;
			buildConfigurations = (
				11663E0C2C6E7EA00015EB65 /* Debug */,
				11663E0D2C6E7EA00015EB65 /* Release */,
			);
			defaultConfigurationIsVisible = 0;
			defaultConfigurationName = Release;
		};
/* End XCConfigurationList section */
	};
	rootObject = 11663DF32C6E7E9F0015EB65 /* Project object */;
}
